// !$*UTF8*$!
{
	archiveVersion = 1;
	classes = {
	};
	objectVersion = 60;
	objects = {

/* Begin PBXBuildFile section */
		C6D94CB12C8194AF005757DD /* RealityKitContent in Frameworks */ = {isa = PBXBuildFile; productRef = C6D94CB02C8194AF005757DD /* RealityKitContent */; };
		C6D94CB32C8194AF005757DD /* UI_PresentationApp.swift in Sources */ = {isa = PBXBuildFile; fileRef = C6D94CB22C8194AF005757DD /* UI_PresentationApp.swift */; };
		C6D94CB52C8194AF005757DD /* ContentView.swift in Sources */ = {isa = PBXBuildFile; fileRef = C6D94CB42C8194AF005757DD /* ContentView.swift */; };
		C6D94CB72C8194AF005757DD /* AppModel.swift in Sources */ = {isa = PBXBuildFile; fileRef = C6D94CB62C8194AF005757DD /* AppModel.swift */; };
		C6D94CB92C8194AF005757DD /* ToggleImmersiveSpaceButton.swift in Sources */ = {isa = PBXBuildFile; fileRef = C6D94CB82C8194AF005757DD /* ToggleImmersiveSpaceButton.swift */; };
		C6D94CBB2C8194AF005757DD /* ImmersiveView.swift in Sources */ = {isa = PBXBuildFile; fileRef = C6D94CBA2C8194AF005757DD /* ImmersiveView.swift */; };
		C6D94CBD2C8194B0005757DD /* Assets.xcassets in Resources */ = {isa = PBXBuildFile; fileRef = C6D94CBC2C8194B0005757DD /* Assets.xcassets */; };
		C6D94CC02C8194B0005757DD /* Preview Assets.xcassets in Resources */ = {isa = PBXBuildFile; fileRef = C6D94CBF2C8194B0005757DD /* Preview Assets.xcassets */; };
		C6D94CCB2C8194B0005757DD /* UI_PresentationTests.swift in Sources */ = {isa = PBXBuildFile; fileRef = C6D94CCA2C8194B0005757DD /* UI_PresentationTests.swift */; };
/* End PBXBuildFile section */

/* Begin PBXContainerItemProxy section */
		C6D94CC72C8194B0005757DD /* PBXContainerItemProxy */ = {
			isa = PBXContainerItemProxy;
			containerPortal = C6D94CA32C8194AF005757DD /* Project object */;
			proxyType = 1;
			remoteGlobalIDString = C6D94CAA2C8194AF005757DD;
			remoteInfo = UI_Presentation;
		};
/* End PBXContainerItemProxy section */

/* Begin PBXFileReference section */
		C6D94CAB2C8194AF005757DD /* UI_Presentation.app */ = {isa = PBXFileReference; explicitFileType = wrapper.application; includeInIndex = 0; path = UI_Presentation.app; sourceTree = BUILT_PRODUCTS_DIR; };
		C6D94CAF2C8194AF005757DD /* RealityKitContent */ = {isa = PBXFileReference; lastKnownFileType = wrapper; path = RealityKitContent; sourceTree = "<group>"; };
		C6D94CB22C8194AF005757DD /* UI_PresentationApp.swift */ = {isa = PBXFileReference; lastKnownFileType = sourcecode.swift; path = UI_PresentationApp.swift; sourceTree = "<group>"; };
		C6D94CB42C8194AF005757DD /* ContentView.swift */ = {isa = PBXFileReference; lastKnownFileType = sourcecode.swift; path = ContentView.swift; sourceTree = "<group>"; };
		C6D94CB62C8194AF005757DD /* AppModel.swift */ = {isa = PBXFileReference; lastKnownFileType = sourcecode.swift; path = AppModel.swift; sourceTree = "<group>"; };
		C6D94CB82C8194AF005757DD /* ToggleImmersiveSpaceButton.swift */ = {isa = PBXFileReference; lastKnownFileType = sourcecode.swift; path = ToggleImmersiveSpaceButton.swift; sourceTree = "<group>"; };
		C6D94CBA2C8194AF005757DD /* ImmersiveView.swift */ = {isa = PBXFileReference; lastKnownFileType = sourcecode.swift; path = ImmersiveView.swift; sourceTree = "<group>"; };
		C6D94CBC2C8194B0005757DD /* Assets.xcassets */ = {isa = PBXFileReference; lastKnownFileType = folder.assetcatalog; path = Assets.xcassets; sourceTree = "<group>"; };
		C6D94CBF2C8194B0005757DD /* Preview Assets.xcassets */ = {isa = PBXFileReference; lastKnownFileType = folder.assetcatalog; path = "Preview Assets.xcassets"; sourceTree = "<group>"; };
		C6D94CC12C8194B0005757DD /* Info.plist */ = {isa = PBXFileReference; lastKnownFileType = text.plist.xml; path = Info.plist; sourceTree = "<group>"; };
		C6D94CC62C8194B0005757DD /* UI_PresentationTests.xctest */ = {isa = PBXFileReference; explicitFileType = wrapper.cfbundle; includeInIndex = 0; path = UI_PresentationTests.xctest; sourceTree = BUILT_PRODUCTS_DIR; };
		C6D94CCA2C8194B0005757DD /* UI_PresentationTests.swift */ = {isa = PBXFileReference; lastKnownFileType = sourcecode.swift; path = UI_PresentationTests.swift; sourceTree = "<group>"; };
/* End PBXFileReference section */

/* Begin PBXFrameworksBuildPhase section */
		C6D94CA82C8194AF005757DD /* Frameworks */ = {
			isa = PBXFrameworksBuildPhase;
			buildActionMask = 2147483647;
			files = (
				C6D94CB12C8194AF005757DD /* RealityKitContent in Frameworks */,
			);
			runOnlyForDeploymentPostprocessing = 0;
		};
		C6D94CC32C8194B0005757DD /* Frameworks */ = {
			isa = PBXFrameworksBuildPhase;
			buildActionMask = 2147483647;
			files = (
			);
			runOnlyForDeploymentPostprocessing = 0;
		};
/* End PBXFrameworksBuildPhase section */

/* Begin PBXGroup section */
		C6D94CA22C8194AF005757DD = {
			isa = PBXGroup;
			children = (
				C6D94CAD2C8194AF005757DD /* UI_Presentation */,
				C6D94CAE2C8194AF005757DD /* Packages */,
				C6D94CC92C8194B0005757DD /* UI_PresentationTests */,
				C6D94CAC2C8194AF005757DD /* Products */,
			);
			sourceTree = "<group>";
		};
		C6D94CAC2C8194AF005757DD /* Products */ = {
			isa = PBXGroup;
			children = (
				C6D94CAB2C8194AF005757DD /* UI_Presentation.app */,
				C6D94CC62C8194B0005757DD /* UI_PresentationTests.xctest */,
			);
			name = Products;
			sourceTree = "<group>";
		};
		C6D94CAD2C8194AF005757DD /* UI_Presentation */ = {
			isa = PBXGroup;
			children = (
				C6D94CB22C8194AF005757DD /* UI_PresentationApp.swift */,
				C6D94CB42C8194AF005757DD /* ContentView.swift */,
				C6D94CB62C8194AF005757DD /* AppModel.swift */,
				C6D94CB82C8194AF005757DD /* ToggleImmersiveSpaceButton.swift */,
				C6D94CBA2C8194AF005757DD /* ImmersiveView.swift */,
				C6D94CBC2C8194B0005757DD /* Assets.xcassets */,
				C6D94CC12C8194B0005757DD /* Info.plist */,
				C6D94CBE2C8194B0005757DD /* Preview Content */,
			);
			path = UI_Presentation;
			sourceTree = "<group>";
		};
		C6D94CAE2C8194AF005757DD /* Packages */ = {
			isa = PBXGroup;
			children = (
				C6D94CAF2C8194AF005757DD /* RealityKitContent */,
			);
			path = Packages;
			sourceTree = "<group>";
		};
		C6D94CBE2C8194B0005757DD /* Preview Content */ = {
			isa = PBXGroup;
			children = (
				C6D94CBF2C8194B0005757DD /* Preview Assets.xcassets */,
			);
			path = "Preview Content";
			sourceTree = "<group>";
		};
		C6D94CC92C8194B0005757DD /* UI_PresentationTests */ = {
			isa = PBXGroup;
			children = (
				C6D94CCA2C8194B0005757DD /* UI_PresentationTests.swift */,
			);
			path = UI_PresentationTests;
			sourceTree = "<group>";
		};
/* End PBXGroup section */

/* Begin PBXNativeTarget section */
		C6D94CAA2C8194AF005757DD /* UI_Presentation */ = {
			isa = PBXNativeTarget;
			buildConfigurationList = C6D94CCE2C8194B0005757DD /* Build configuration list for PBXNativeTarget "UI_Presentation" */;
			buildPhases = (
				C6D94CA72C8194AF005757DD /* Sources */,
				C6D94CA82C8194AF005757DD /* Frameworks */,
				C6D94CA92C8194AF005757DD /* Resources */,
			);
			buildRules = (
			);
			dependencies = (
			);
			name = UI_Presentation;
			packageProductDependencies = (
				C6D94CB02C8194AF005757DD /* RealityKitContent */,
			);
			productName = UI_Presentation;
			productReference = C6D94CAB2C8194AF005757DD /* UI_Presentation.app */;
			productType = "com.apple.product-type.application";
		};
		C6D94CC52C8194B0005757DD /* UI_PresentationTests */ = {
			isa = PBXNativeTarget;
			buildConfigurationList = C6D94CD12C8194B0005757DD /* Build configuration list for PBXNativeTarget "UI_PresentationTests" */;
			buildPhases = (
				C6D94CC22C8194B0005757DD /* Sources */,
				C6D94CC32C8194B0005757DD /* Frameworks */,
				C6D94CC42C8194B0005757DD /* Resources */,
			);
			buildRules = (
			);
			dependencies = (
				C6D94CC82C8194B0005757DD /* PBXTargetDependency */,
			);
			name = UI_PresentationTests;
			productName = UI_PresentationTests;
			productReference = C6D94CC62C8194B0005757DD /* UI_PresentationTests.xctest */;
			productType = "com.apple.product-type.bundle.unit-test";
		};
/* End PBXNativeTarget section */

/* Begin PBXProject section */
		C6D94CA32C8194AF005757DD /* Project object */ = {
			isa = PBXProject;
			attributes = {
				BuildIndependentTargetsInParallel = 1;
				LastSwiftUpdateCheck = 1600;
				LastUpgradeCheck = 1600;
				TargetAttributes = {
					C6D94CAA2C8194AF005757DD = {
						CreatedOnToolsVersion = 16.0;
					};
					C6D94CC52C8194B0005757DD = {
						CreatedOnToolsVersion = 16.0;
						TestTargetID = C6D94CAA2C8194AF005757DD;
					};
				};
			};
			buildConfigurationList = C6D94CA62C8194AF005757DD /* Build configuration list for PBXProject "UI_Presentation" */;
			compatibilityVersion = "Xcode 15.0";
			developmentRegion = en;
			hasScannedForEncodings = 0;
			knownRegions = (
				en,
				Base,
			);
			mainGroup = C6D94CA22C8194AF005757DD;
			productRefGroup = C6D94CAC2C8194AF005757DD /* Products */;
			projectDirPath = "";
			projectRoot = "";
			targets = (
				C6D94CAA2C8194AF005757DD /* UI_Presentation */,
				C6D94CC52C8194B0005757DD /* UI_PresentationTests */,
			);
		};
/* End PBXProject section */

/* Begin PBXResourcesBuildPhase section */
		C6D94CA92C8194AF005757DD /* Resources */ = {
			isa = PBXResourcesBuildPhase;
			buildActionMask = 2147483647;
			files = (
				C6D94CC02C8194B0005757DD /* Preview Assets.xcassets in Resources */,
				C6D94CBD2C8194B0005757DD /* Assets.xcassets in Resources */,
			);
			runOnlyForDeploymentPostprocessing = 0;
		};
		C6D94CC42C8194B0005757DD /* Resources */ = {
			isa = PBXResourcesBuildPhase;
			buildActionMask = 2147483647;
			files = (
			);
			runOnlyForDeploymentPostprocessing = 0;
		};
/* End PBXResourcesBuildPhase section */

/* Begin PBXSourcesBuildPhase section */
		C6D94CA72C8194AF005757DD /* Sources */ = {
			isa = PBXSourcesBuildPhase;
			buildActionMask = 2147483647;
			files = (
				C6D94CB92C8194AF005757DD /* ToggleImmersiveSpaceButton.swift in Sources */,
				C6D94CB52C8194AF005757DD /* ContentView.swift in Sources */,
				C6D94CBB2C8194AF005757DD /* ImmersiveView.swift in Sources */,
				C6D94CB72C8194AF005757DD /* AppModel.swift in Sources */,
				C6D94CB32C8194AF005757DD /* UI_PresentationApp.swift in Sources */,
			);
			runOnlyForDeploymentPostprocessing = 0;
		};
		C6D94CC22C8194B0005757DD /* Sources */ = {
			isa = PBXSourcesBuildPhase;
			buildActionMask = 2147483647;
			files = (
				C6D94CCB2C8194B0005757DD /* UI_PresentationTests.swift in Sources */,
			);
			runOnlyForDeploymentPostprocessing = 0;
		};
/* End PBXSourcesBuildPhase section */

/* Begin PBXTargetDependency section */
		C6D94CC82C8194B0005757DD /* PBXTargetDependency */ = {
			isa = PBXTargetDependency;
			target = C6D94CAA2C8194AF005757DD /* UI_Presentation */;
			targetProxy = C6D94CC72C8194B0005757DD /* PBXContainerItemProxy */;
		};
/* End PBXTargetDependency section */

/* Begin XCBuildConfiguration section */
		C6D94CCC2C8194B0005757DD /* Debug */ = {
			isa = XCBuildConfiguration;
			buildSettings = {
				ALWAYS_SEARCH_USER_PATHS = NO;
				ASSETCATALOG_COMPILER_GENERATE_SWIFT_ASSET_SYMBOL_EXTENSIONS = YES;
				CLANG_ANALYZER_NONNULL = YES;
				CLANG_ANALYZER_NUMBER_OBJECT_CONVERSION = YES_AGGRESSIVE;
				CLANG_CXX_LANGUAGE_STANDARD = "gnu++20";
				CLANG_ENABLE_MODULES = YES;
				CLANG_ENABLE_OBJC_ARC = YES;
				CLANG_ENABLE_OBJC_WEAK = YES;
				CLANG_WARN_BLOCK_CAPTURE_AUTORELEASING = YES;
				CLANG_WARN_BOOL_CONVERSION = YES;
				CLANG_WARN_COMMA = YES;
				CLANG_WARN_CONSTANT_CONVERSION = YES;
				CLANG_WARN_DEPRECATED_OBJC_IMPLEMENTATIONS = YES;
				CLANG_WARN_DIRECT_OBJC_ISA_USAGE = YES_ERROR;
				CLANG_WARN_DOCUMENTATION_COMMENTS = YES;
				CLANG_WARN_EMPTY_BODY = YES;
				CLANG_WARN_ENUM_CONVERSION = YES;
				CLANG_WARN_INFINITE_RECURSION = YES;
				CLANG_WARN_INT_CONVERSION = YES;
				CLANG_WARN_NON_LITERAL_NULL_CONVERSION = YES;
				CLANG_WARN_OBJC_IMPLICIT_RETAIN_SELF = YES;
				CLANG_WARN_OBJC_LITERAL_CONVERSION = YES;
				CLANG_WARN_OBJC_ROOT_CLASS = YES_ERROR;
				CLANG_WARN_QUOTED_INCLUDE_IN_FRAMEWORK_HEADER = YES;
				CLANG_WARN_RANGE_LOOP_ANALYSIS = YES;
				CLANG_WARN_STRICT_PROTOTYPES = YES;
				CLANG_WARN_SUSPICIOUS_MOVE = YES;
				CLANG_WARN_UNGUARDED_AVAILABILITY = YES_AGGRESSIVE;
				CLANG_WARN_UNREACHABLE_CODE = YES;
				CLANG_WARN__DUPLICATE_METHOD_MATCH = YES;
				COPY_PHASE_STRIP = NO;
				DEBUG_INFORMATION_FORMAT = dwarf;
				ENABLE_STRICT_OBJC_MSGSEND = YES;
				ENABLE_TESTABILITY = YES;
				ENABLE_USER_SCRIPT_SANDBOXING = YES;
				GCC_C_LANGUAGE_STANDARD = gnu17;
				GCC_DYNAMIC_NO_PIC = NO;
				GCC_NO_COMMON_BLOCKS = YES;
				GCC_OPTIMIZATION_LEVEL = 0;
				GCC_PREPROCESSOR_DEFINITIONS = (
					"DEBUG=1",
					"$(inherited)",
				);
				GCC_WARN_64_TO_32_BIT_CONVERSION = YES;
				GCC_WARN_ABOUT_RETURN_TYPE = YES_ERROR;
				GCC_WARN_UNDECLARED_SELECTOR = YES;
				GCC_WARN_UNINITIALIZED_AUTOS = YES_AGGRESSIVE;
				GCC_WARN_UNUSED_FUNCTION = YES;
				GCC_WARN_UNUSED_VARIABLE = YES;
				LOCALIZATION_PREFERS_STRING_CATALOGS = YES;
				MTL_ENABLE_DEBUG_INFO = INCLUDE_SOURCE;
				MTL_FAST_MATH = YES;
				ONLY_ACTIVE_ARCH = YES;
				SDKROOT = xros;
				SWIFT_ACTIVE_COMPILATION_CONDITIONS = "DEBUG $(inherited)";
				SWIFT_OPTIMIZATION_LEVEL = "-Onone";
				XROS_DEPLOYMENT_TARGET = 2.0;
			};
			name = Debug;
		};
		C6D94CCD2C8194B0005757DD /* Release */ = {
			isa = XCBuildConfiguration;
			buildSettings = {
				ALWAYS_SEARCH_USER_PATHS = NO;
				ASSETCATALOG_COMPILER_GENERATE_SWIFT_ASSET_SYMBOL_EXTENSIONS = YES;
				CLANG_ANALYZER_NONNULL = YES;
				CLANG_ANALYZER_NUMBER_OBJECT_CONVERSION = YES_AGGRESSIVE;
				CLANG_CXX_LANGUAGE_STANDARD = "gnu++20";
				CLANG_ENABLE_MODULES = YES;
				CLANG_ENABLE_OBJC_ARC = YES;
				CLANG_ENABLE_OBJC_WEAK = YES;
				CLANG_WARN_BLOCK_CAPTURE_AUTORELEASING = YES;
				CLANG_WARN_BOOL_CONVERSION = YES;
				CLANG_WARN_COMMA = YES;
				CLANG_WARN_CONSTANT_CONVERSION = YES;
				CLANG_WARN_DEPRECATED_OBJC_IMPLEMENTATIONS = YES;
				CLANG_WARN_DIRECT_OBJC_ISA_USAGE = YES_ERROR;
				CLANG_WARN_DOCUMENTATION_COMMENTS = YES;
				CLANG_WARN_EMPTY_BODY = YES;
				CLANG_WARN_ENUM_CONVERSION = YES;
				CLANG_WARN_INFINITE_RECURSION = YES;
				CLANG_WARN_INT_CONVERSION = YES;
				CLANG_WARN_NON_LITERAL_NULL_CONVERSION = YES;
				CLANG_WARN_OBJC_IMPLICIT_RETAIN_SELF = YES;
				CLANG_WARN_OBJC_LITERAL_CONVERSION = YES;
				CLANG_WARN_OBJC_ROOT_CLASS = YES_ERROR;
				CLANG_WARN_QUOTED_INCLUDE_IN_FRAMEWORK_HEADER = YES;
				CLANG_WARN_RANGE_LOOP_ANALYSIS = YES;
				CLANG_WARN_STRICT_PROTOTYPES = YES;
				CLANG_WARN_SUSPICIOUS_MOVE = YES;
				CLANG_WARN_UNGUARDED_AVAILABILITY = YES_AGGRESSIVE;
				CLANG_WARN_UNREACHABLE_CODE = YES;
				CLANG_WARN__DUPLICATE_METHOD_MATCH = YES;
				COPY_PHASE_STRIP = NO;
				DEBUG_INFORMATION_FORMAT = "dwarf-with-dsym";
				ENABLE_NS_ASSERTIONS = NO;
				ENABLE_STRICT_OBJC_MSGSEND = YES;
				ENABLE_USER_SCRIPT_SANDBOXING = YES;
				GCC_C_LANGUAGE_STANDARD = gnu17;
				GCC_NO_COMMON_BLOCKS = YES;
				GCC_WARN_64_TO_32_BIT_CONVERSION = YES;
				GCC_WARN_ABOUT_RETURN_TYPE = YES_ERROR;
				GCC_WARN_UNDECLARED_SELECTOR = YES;
				GCC_WARN_UNINITIALIZED_AUTOS = YES_AGGRESSIVE;
				GCC_WARN_UNUSED_FUNCTION = YES;
				GCC_WARN_UNUSED_VARIABLE = YES;
				LOCALIZATION_PREFERS_STRING_CATALOGS = YES;
				MTL_ENABLE_DEBUG_INFO = NO;
				MTL_FAST_MATH = YES;
				SDKROOT = xros;
				SWIFT_COMPILATION_MODE = wholemodule;
				VALIDATE_PRODUCT = YES;
				XROS_DEPLOYMENT_TARGET = 2.0;
			};
			name = Release;
		};
		C6D94CCF2C8194B0005757DD /* Debug */ = {
			isa = XCBuildConfiguration;
			buildSettings = {
				ASSETCATALOG_COMPILER_APPICON_NAME = AppIcon;
				ASSETCATALOG_COMPILER_GLOBAL_ACCENT_COLOR_NAME = AccentColor;
				CODE_SIGN_STYLE = Automatic;
				CURRENT_PROJECT_VERSION = 1;
				DEVELOPMENT_ASSET_PATHS = "\"UI_Presentation/Preview Content\"";
				ENABLE_PREVIEWS = YES;
				GENERATE_INFOPLIST_FILE = YES;
				INFOPLIST_FILE = "$(TARGET_NAME)/Info.plist";
				LD_RUNPATH_SEARCH_PATHS = (
					"$(inherited)",
					"@executable_path/Frameworks",
				);
				MARKETING_VERSION = 1.0;
				PRODUCT_BUNDLE_IDENTIFIER = "BlongX.UI-Presentation";
				PRODUCT_NAME = "$(TARGET_NAME)";
				SUPPORTED_PLATFORMS = "xros xrsimulator";
				SWIFT_EMIT_LOC_STRINGS = YES;
				SWIFT_VERSION = 5.0;
				TARGETED_DEVICE_FAMILY = 7;
			};
			name = Debug;
		};
		C6D94CD02C8194B0005757DD /* Release */ = {
			isa = XCBuildConfiguration;
			buildSettings = {
				ASSETCATALOG_COMPILER_APPICON_NAME = AppIcon;
				ASSETCATALOG_COMPILER_GLOBAL_ACCENT_COLOR_NAME = AccentColor;
				CODE_SIGN_STYLE = Automatic;
				CURRENT_PROJECT_VERSION = 1;
				DEVELOPMENT_ASSET_PATHS = "\"UI_Presentation/Preview Content\"";
				ENABLE_PREVIEWS = YES;
				GENERATE_INFOPLIST_FILE = YES;
				INFOPLIST_FILE = "$(TARGET_NAME)/Info.plist";
				LD_RUNPATH_SEARCH_PATHS = (
					"$(inherited)",
					"@executable_path/Frameworks",
				);
				MARKETING_VERSION = 1.0;
				PRODUCT_BUNDLE_IDENTIFIER = "BlongX.UI-Presentation";
				PRODUCT_NAME = "$(TARGET_NAME)";
				SUPPORTED_PLATFORMS = "xros xrsimulator";
				SWIFT_EMIT_LOC_STRINGS = YES;
				SWIFT_VERSION = 5.0;
				TARGETED_DEVICE_FAMILY = 7;
			};
			name = Release;
		};
		C6D94CD22C8194B0005757DD /* Debug */ = {
			isa = XCBuildConfiguration;
			buildSettings = {
				BUNDLE_LOADER = "$(TEST_HOST)";
				CODE_SIGN_STYLE = Automatic;
				CURRENT_PROJECT_VERSION = 1;
				GENERATE_INFOPLIST_FILE = YES;
				MARKETING_VERSION = 1.0;
				PRODUCT_BUNDLE_IDENTIFIER = "BlongX.UI-PresentationTests";
				PRODUCT_NAME = "$(TARGET_NAME)";
				SUPPORTED_PLATFORMS = "xros xrsimulator";
				SWIFT_EMIT_LOC_STRINGS = NO;
				SWIFT_VERSION = 5.0;
				TARGETED_DEVICE_FAMILY = 7;
				TEST_HOST = "$(BUILT_PRODUCTS_DIR)/UI_Presentation.app/$(BUNDLE_EXECUTABLE_FOLDER_PATH)/UI_Presentation";
				XROS_DEPLOYMENT_TARGET = 2.0;
			};
			name = Debug;
		};
		C6D94CD32C8194B0005757DD /* Release */ = {
			isa = XCBuildConfiguration;
			buildSettings = {
				BUNDLE_LOADER = "$(TEST_HOST)";
				CODE_SIGN_STYLE = Automatic;
				CURRENT_PROJECT_VERSION = 1;
				GENERATE_INFOPLIST_FILE = YES;
				MARKETING_VERSION = 1.0;
				PRODUCT_BUNDLE_IDENTIFIER = "BlongX.UI-PresentationTests";
				PRODUCT_NAME = "$(TARGET_NAME)";
				SUPPORTED_PLATFORMS = "xros xrsimulator";
				SWIFT_EMIT_LOC_STRINGS = NO;
				SWIFT_VERSION = 5.0;
				TARGETED_DEVICE_FAMILY = 7;
				TEST_HOST = "$(BUILT_PRODUCTS_DIR)/UI_Presentation.app/$(BUNDLE_EXECUTABLE_FOLDER_PATH)/UI_Presentation";
				XROS_DEPLOYMENT_TARGET = 2.0;
			};
			name = Release;
		};
/* End XCBuildConfiguration section */

/* Begin XCConfigurationList section */
		C6D94CA62C8194AF005757DD /* Build configuration list for PBXProject "UI_Presentation" */ = {
			isa = XCConfigurationList;
			buildConfigurations = (
				C6D94CCC2C8194B0005757DD /* Debug */,
				C6D94CCD2C8194B0005757DD /* Release */,
			);
			defaultConfigurationIsVisible = 0;
			defaultConfigurationName = Release;
		};
		C6D94CCE2C8194B0005757DD /* Build configuration list for PBXNativeTarget "UI_Presentation" */ = {
			isa = XCConfigurationList;
			buildConfigurations = (
				C6D94CCF2C8194B0005757DD /* Debug */,
				C6D94CD02C8194B0005757DD /* Release */,
			);
			defaultConfigurationIsVisible = 0;
			defaultConfigurationName = Release;
		};
		C6D94CD12C8194B0005757DD /* Build configuration list for PBXNativeTarget "UI_PresentationTests" */ = {
			isa = XCConfigurationList;
			buildConfigurations = (
				C6D94CD22C8194B0005757DD /* Debug */,
				C6D94CD32C8194B0005757DD /* Release */,
			);
			defaultConfigurationIsVisible = 0;
			defaultConfigurationName = Release;
		};
/* End XCConfigurationList section */

/* Begin XCSwiftPackageProductDependency section */
		C6D94CB02C8194AF005757DD /* RealityKitContent */ = {
			isa = XCSwiftPackageProductDependency;
			productName = RealityKitContent;
		};
/* End XCSwiftPackageProductDependency section */
	};
	rootObject = C6D94CA32C8194AF005757DD /* Project object */;
}
